// !$*UTF8*$!
{
	archiveVersion = 1;
	classes = {
	};
	objectVersion = 56;
	objects = {

/* Begin PBXBuildFile section */
		2B11111228E95F6C000B26E1 /* RTSPCameraApp.swift in Sources */ = {isa = PBXBuildFile; fileRef = 2B11111128E95F6C000B26E1 /* RTSPCameraApp.swift */; };
		2B11111428E95F6C000B26E1 /* ContentView.swift in Sources */ = {isa = PBXBuildFile; fileRef = 2B11111328E95F6C000B26E1 /* ContentView.swift */; };
		2B11111628E95F6C000B26E1 /* CameraManager.swift in Sources */ = {isa = PBXBuildFile; fileRef = 2B11111528E95F6C000B26E1 /* CameraManager.swift */; };
		2B11111828E95F6C000B26E1 /* H264Encoder.swift in Sources */ = {isa = PBXBuildFile; fileRef = 2B11111728E95F6C000B26E1 /* H264Encoder.swift */; };
		2B11111A28E95F6C000B26E1 /* AudioEncoder.swift in Sources */ = {isa = PBXBuildFile; fileRef = 2B11111928E95F6C000B26E1 /* AudioEncoder.swift */; };
		2B11111C28E95F6C000B26E1 /* SimpleRTSPServer.swift in Sources */ = {isa = PBXBuildFile; fileRef = 2B11111B28E95F6C000B26E1 /* SimpleRTSPServer.swift */; };
		2B11111E28E95F6C000B26E1 /* RTPSender.swift in Sources */ = {isa = PBXBuildFile; fileRef = 2B11111D28E95F6C000B26E1 /* RTPSender.swift */; };
		2B11112028E95F6C000B26E1 /* SettingsManager.swift in Sources */ = {isa = PBXBuildFile; fileRef = 2B11111F28E95F6C000B26E1 /* SettingsManager.swift */; };
		2B11112228E95F6C000B26E1 /* Utils.swift in Sources */ = {isa = PBXBuildFile; fileRef = 2B11112128E95F6C000B26E1 /* Utils.swift */; };
		2B11112428E95F6C000B26E1 /* StreamManager.swift in Sources */ = {isa = PBXBuildFile; fileRef = 2B11112328E95F6C000B26E1 /* StreamManager.swift */; };
/* End PBXBuildFile section */

/* Begin PBXFileReference section */
		2B11110428E95F6C000B26E1 /* RTSPCamera.app */ = {isa = PBXFileReference; explicitFileType = wrapper.application; includeInIndex = 0; path = RTSPCamera.app; sourceTree = BUILT_PRODUCTS_DIR; };
		2B11111128E95F6C000B26E1 /* RTSPCameraApp.swift */ = {isa = PBXFileReference; lastKnownFileType = sourcecode.swift; path = RTSPCameraApp.swift; sourceTree = "<group>"; };
		2B11111328E95F6C000B26E1 /* ContentView.swift */ = {isa = PBXFileReference; lastKnownFileType = sourcecode.swift; path = ContentView.swift; sourceTree = "<group>"; };
		2B11111528E95F6C000B26E1 /* CameraManager.swift */ = {isa = PBXFileReference; lastKnownFileType = sourcecode.swift; path = CameraManager.swift; sourceTree = "<group>"; };
		2B11111728E95F6C000B26E1 /* H264Encoder.swift */ = {isa = PBXFileReference; lastKnownFileType = sourcecode.swift; path = H264Encoder.swift; sourceTree = "<group>"; };
		2B11111928E95F6C000B26E1 /* AudioEncoder.swift */ = {isa = PBXFileReference; lastKnownFileType = sourcecode.swift; path = AudioEncoder.swift; sourceTree = "<group>"; };
		2B11111B28E95F6C000B26E1 /* SimpleRTSPServer.swift */ = {isa = PBXFileReference; lastKnownFileType = sourcecode.swift; path = SimpleRTSPServer.swift; sourceTree = "<group>"; };
		2B11111D28E95F6C000B26E1 /* RTPSender.swift */ = {isa = PBXFileReference; lastKnownFileType = sourcecode.swift; path = RTPSender.swift; sourceTree = "<group>"; };
		2B11111F28E95F6C000B26E1 /* SettingsManager.swift */ = {isa = PBXFileReference; lastKnownFileType = sourcecode.swift; path = SettingsManager.swift; sourceTree = "<group>"; };
		2B11112128E95F6C000B26E1 /* Utils.swift */ = {isa = PBXFileReference; lastKnownFileType = sourcecode.swift; path = Utils.swift; sourceTree = "<group>"; };
		2B11112328E95F6C000B26E1 /* StreamManager.swift */ = {isa = PBXFileReference; lastKnownFileType = sourcecode.swift; path = StreamManager.swift; sourceTree = "<group>"; };
		2B11112528E95F6C000B26E1 /* Info.plist */ = {isa = PBXFileReference; lastKnownFileType = text.plist.xml; path = Info.plist; sourceTree = "<group>"; };
/* End PBXFileReference section */

/* Begin PBXFrameworksBuildPhase section */
		2B11110628E95F6C000B26E1 /* Frameworks */ = {
			isa = PBXFrameworksBuildPhase;
			buildActionMask = 2147483647;
			files = (
			);
			runOnlyForDeploymentPostprocessing = 0;
		};
/* End PBXFrameworksBuildPhase section */

/* Begin PBXGroup section */
		2B11110028E95F6C000B26E1 = {
			isa = PBXGroup;
			children = (
				2B11110228E95F6C000B26E1 /* RTSPCamera */,
				2B11110128E95F6C000B26E1 /* Products */,
			);
			sourceTree = "<group>";
		};
		2B11110128E95F6C000B26E1 /* Products */ = {
			isa = PBXGroup;
			path = Products;
			children = (
				2B11110428E95F6C000B26E1 /* RTSPCamera.app */,
			);
			sourceTree = "<group>";
		};
		2B11110228E95F6C000B26E1 /* RTSPCamera */ = {
			isa = PBXGroup;
			path = RTSPCamera;
			children = (
				2B11111128E95F6C000B26E1 /* RTSPCameraApp.swift */,
				2B11111328E95F6C000B26E1 /* ContentView.swift */,
				2B11111528E95F6C000B26E1 /* CameraManager.swift */,
				2B11111728E95F6C000B26E1 /* H264Encoder.swift */,
				2B11111928E95F6C000B26E1 /* AudioEncoder.swift */,
				2B11111B28E95F6C000B26E1 /* SimpleRTSPServer.swift */,
				2B11111D28E95F6C000B26E1 /* RTPSender.swift */,
				2B11111F28E95F6C000B26E1 /* SettingsManager.swift */,
				2B11112128E95F6C000B26E1 /* Utils.swift */,
				2B11112328E95F6C000B26E1 /* StreamManager.swift */,
				2B11112528E95F6C000B26E1 /* Info.plist */,
			);
			sourceTree = "<group>";
		};
/* End PBXGroup section */

/* Begin PBXNativeTarget section */
		2B11110328E95F6C000B26E1 /* RTSPCamera */ = {
			isa = PBXNativeTarget;
			buildConfigurationList = 2B11110928E95F6C000B26E1 /* Build configuration list for PBXNativeTarget "RTSPCamera" */;
			buildPhases = (
				2B11110528E95F6C000B26E1 /* Sources */,
				2B11110628E95F6C000B26E1 /* Frameworks */,
				2B11110728E95F6C000B26E1 /* Resources */,
			);
			buildRules = (
			);
			dependencies = (
			);
			name = RTSPCamera;
			productName = RTSPCamera;
			productReference = 2B11110428E95F6C000B26E1 /* RTSPCamera.app */;
			productType = "com.apple.product-type.application";
		};
/* End PBXNativeTarget section */

/* Begin PBXProject section */
		2B11110E28E95F6C000B26E1 /* Project object */ = {
			isa = PBXProject;
			attributes = {
				BuildIndependentTargetsInParallel = 1;
				LastSwiftUpdateCheck = 1400;
				LastUpgradeCheck = 1400;
				TargetAttributes = {
					2B11110328E95F6C000B26E1 = {
						CreatedOnToolsVersion = 14.0;
						LastSwiftMigration = 14.0;
					};
				};
			};
			buildConfigurationList = 2B11110828E95F6C000B26E1 /* Build configuration list for PBXProject "RTSPCamera" */;
			compatibilityVersion = "Xcode 14.0";
			developmentRegion = en;
			hasScannedForEncodings = 0;
			knownRegions = (
				en,
				Base,
			);
			mainGroup = 2B11110028E95F6C000B26E1;
			productRefGroup = 2B11110128E95F6C000B26E1 /* Products */;
			projectDirPath = "";
			projectRoot = "";
			targets = (
				2B11110328E95F6C000B26E1 /* RTSPCamera */,
			);
		};
/* End PBXProject section */

/* Begin PBXResourcesBuildPhase section */
		2B11110728E95F6C000B26E1 /* Resources */ = {
			isa = PBXResourcesBuildPhase;
			buildActionMask = 2147483647;
			files = (
			);
			runOnlyForDeploymentPostprocessing = 0;
		};
/* End PBXResourcesBuildPhase section */

/* Begin PBXSourcesBuildPhase section */
		2B11110528E95F6C000B26E1 /* Sources */ = {
			isa = PBXSourcesBuildPhase;
			buildActionMask = 2147483647;
			files = (
				2B11111228E95F6C000B26E1 /* RTSPCameraApp.swift in Sources */,
				2B11111428E95F6C000B26E1 /* ContentView.swift in Sources */,
				2B11111628E95F6C000B26E1 /* CameraManager.swift in Sources */,
				2B11111828E95F6C000B26E1 /* H264Encoder.swift in Sources */,
				2B11111A28E95F6C000B26E1 /* AudioEncoder.swift in Sources */,
				2B11111C28E95F6C000B26E1 /* SimpleRTSPServer.swift in Sources */,
				2B11111E28E95F6C000B26E1 /* RTPSender.swift in Sources */,
				2B11112028E95F6C000B26E1 /* SettingsManager.swift in Sources */,
				2B11112228E95F6C000B26E1 /* Utils.swift in Sources */,
				2B11112428E95F6C000B26E1 /* StreamManager.swift in Sources */,
			);
			runOnlyForDeploymentPostprocessing = 0;
		};
/* End PBXSourcesBuildPhase section */

/* Begin XCBuildConfiguration section */
		2B11110A28E95F6C000B26E1 /* Debug */ = {
			isa = XCBuildConfiguration;
			buildSettings = {
				ALWAYS_SEARCH_USER_PATHS = NO;
				CLANG_ANALYZER_NONNULL = YES;
				CLANG_ANALYZER_NUMBER_OBJECT_CONVERSION = YES_AGGRESSIVE;
				CLANG_CXX_LANGUAGE_STANDARD = "gnu++20";
				CLANG_CXX_LIBRARY = "libc++";
				CLANG_ENABLE_MODULES = YES;
				CLANG_ENABLE_OBJC_ARC = YES;
				CLANG_ENABLE_OBJC_WEAK = YES;
				CLANG_WARN_BLOCK_CAPTURE_AUTORELEASING = YES;
				CLANG_WARN_BOOL_CONVERSION = YES;
				CLANG_WARN_COMMA = YES;
				CLANG_WARN_CONSTANT_CONVERSION = YES;
				CLANG_WARN_DEPRECATED_OBJC_IMPLEMENTATIONS = YES;
				CLANG_WARN_DIRECT_OBJC_PREPROCESSOR_DEFINITIONS = YES_ERROR;
				CLANG_WARN_DOCUMENTATION_COMMENTS = YES;
				CLANG_WARN_EMPTY_BODY = YES;
				CLANG_WARN_ENUM_CONVERSION = YES;
				CLANG_WARN_INFINITE_RECURSION = YES;
				CLANG_WARN_INT_CONVERSION = YES;
				CLANG_WARN_NON_LITERAL_NULL_CONVERSION = YES;
				CLANG_WARN_OBJC_IMPLICIT_RETAIN_SELF = YES;
				CLANG_WARN_OBJC_LITERAL_CONVERSION = YES;
				CLANG_WARN_OBJC_ROOT_CLASS = YES_ERROR;
				CLANG_WARN_QUICKTIME_CONVERSION = YES;
				CLANG_WARN_RANGE_LOOP_ANALYSIS = YES;
				CLANG_WARN_STRICT_PROTOTYPES = YES;
				CLANG_WARN_SUSPICIOUS_MOVE = YES;
				CLANG_WARN_UNGUARDED_AVAILABILITY = YES_AGGRESSIVE;
				CLANG_WARN_UNREACHABLE_CODE = YES;
				CLANG_WARN__DUPLICATE_METHOD_MATCH = YES;
				COPY_PHASE_STRIP = NO;
				DEBUG_INFORMATION_FORMAT = dwarf;
				ENABLE_STRICT_OBJC_MSGSEND = YES;
				ENABLE_TESTABILITY = YES;
				GCC_C_LANGUAGE_STANDARD = gnu11;
				GCC_DYNAMIC_NO_PIC = NO;
				GCC_NO_COMMON_BLOCKS = YES;
				GCC_OPTIMIZATION_LEVEL = 0;
				GCC_PREPROCESSOR_DEFINITIONS = (
					"DEBUG=1",
					"$(inherited)",
				);
				GCC_WARN_64_TO_32_BIT_CONVERSION = YES;
				GCC_WARN_ABOUT_RETURN_TYPE = YES_ERROR;
				GCC_WARN_UNDECLARED_SELECTOR = YES;
				GCC_WARN_UNINITIALIZED_ACTUAL = YES_AGGRESSIVE;
				GCC_WARN_UNUSED_FUNCTION = YES;
				GCC_WARN_UNUSED_VARIABLE = YES;
				IPHONEOS_DEPLOYMENT_TARGET = 15.0;
				MTL_ENABLE_DEBUG_INFO = INCLUDE_SOURCE;
				MTL_FAST_MATH = YES;
				ONLY_ACTIVE_ARCH = YES;
				SDKROOT = iphoneos;
				SWIFT_ACTIVE_COMPILATION_CONDITIONS = DEBUG;
				SWIFT_OPTIMIZATION_LEVEL = "-Onone";
			};
			name = Debug;
		};
		2B11110B28E95F6C000B26E1 /* Release */ = {
			isa = XCBuildConfiguration;
			buildSettings = {
				ALWAYS_SEARCH_USER_PATHS = NO;
				CLANG_ANALYZER_NONNULL = YES;
				CLANG_ANALYZER_NUMBER_OBJECT_CONVERSION = YES_AGGRESSIVE;
				CLANG_CXX_LANGUAGE_STANDARD = "gnu++20";
				CLANG_CXX_LIBRARY = "libc++";
				CLANG_ENABLE_MODULES = YES;
				CLANG_ENABLE_OBJC_ARC = YES;
				CLANG_ENABLE_OBJC_WEAK = YES;
				CLANG_WARN_BLOCK_CAPTURE_AUTORELEASING = YES;
				CLANG_WARN_BOOL_CONVERSION = YES;
				CLANG_WARN_COMMA = YES;
				CLANG_WARN_CONSTANT_CONVERSION = YES;
				CLANG_WARN_DEPRECATED_OBJC_IMPLEMENTATIONS = YES;
				CLANG_WARN_DIRECT_OBJC_PREPROCESSOR_DEFINITIONS = YES_ERROR;
				CLANG_WARN_DOCUMENTATION_COMMENTS = YES;
				CLANG_WARN_EMPTY_BODY = YES;
				CLANG_WARN_ENUM_CONVERSION = YES;
				CLANG_WARN_INFINITE_RECURSION = YES;
				CLANG_WARN_INT_CONVERSION = YES;
				CLANG_WARN_NON_LITERAL_NULL_CONVERSION = YES;
				CLANG_WARN_OBJC_IMPLICIT_RETAIN_SELF = YES;
				CLANG_WARN_OBJC_LITERAL_CONVERSION = YES;
				CLANG_WARN_OBJC_ROOT_CLASS = YES_ERROR;
				CLANG_WARN_QUICKTIME_CONVERSION = YES;
				CLANG_WARN_RANGE_LOOP_ANALYSIS = YES;
				CLANG_WARN_STRICT_PROTOTYPES = YES;
				CLANG_WARN_SUSPICIOUS_MOVE = YES;
				CLANG_WARN_UNGUARDED_AVAILABILITY = YES_AGGRESSIVE;
				CLANG_WARN_UNREACHABLE_CODE = YES;
				CLANG_WARN__DUPLICATE_METHOD_MATCH = YES;
				COPY_PHASE_STRIP = NO;
				DEBUG_INFORMATION_FORMAT = "dwarf-with-dsym";
				ENABLE_NS_ASSERTIONS = NO;
				ENABLE_STRICT_OBJC_MSGSEND = YES;
				GCC_C_LANGUAGE_STANDARD = gnu11;
				GCC_NO_COMMON_BLOCKS = YES;
				GCC_WARN_64_TO_32_BIT_CONVERSION = YES;
				GCC_WARN_ABOUT_RETURN_TYPE = YES_ERROR;
				GCC_WARN_UNDECLARED_SELECTOR = YES;
				GCC_WARN_UNINITIALIZED_ACTUAL = YES_AGGRESSIVE;
				GCC_WARN_UNUSED_FUNCTION = YES;
				GCC_WARN_UNUSED_VARIABLE = YES;
				IPHONEOS_DEPLOYMENT_TARGET = 15.0;
				MTL_ENABLE_DEBUG_INFO = NO;
				MTL_FAST_MATH = YES;
				SDKROOT = iphoneos;
				SWIFT_COMPILATION_MODE = wholemodule;
				SWIFT_OPTIMIZATION_LEVEL = "-O";
				VALIDATE_PRODUCT = YES;
			};
			name = Release;
		};
		2B11110C28E95F6C000B26E1 /* Debug */ = {
			isa = XCBuildConfiguration;
			buildSettings = {
				ASSETCATALOG_COMPILER_APPICON_NAME = AppIcon;
				ASSETCATALOG_COMPILER_GLOBAL_ACCENT_COLOR_NAME = AccentColor;
				CODE_SIGN_STYLE = Automatic;
				CURRENT_PROJECT_VERSION = 1;
				DEVELOPMENT_ASSET_PATHS = "";
				ENABLE_PREVIEWS = YES;
				GENERATE_INFOPLIST_FILE = NO;
				INFOPLIST_FILE = RTSPCamera/Info.plist;
				LD_RUNPATH_SEARCH_PATHS = (
					"$(inherited)",
					"@executable_path/Frameworks",
				);
				MARKETING_VERSION = 1.0;
				PRODUCT_BUNDLE_IDENTIFIER = com.gld.rtspCamera;
				PRODUCT_NAME = "$(TARGET_NAME)";
				SUPPORTED_PLATFORMS = "iphoneos iphonesimulator";
				SUPPORTS_MACCATALYST = NO;
				SWIFT_EMIT_LOC_STRINGS = YES;
				SWIFT_VERSION = 5.0;
				TARGETED_DEVICE_FAMILY = "1,2";
			};
			name = Debug;
		};
		2B11110D28E95F6C000B26E1 /* Release */ = {
			isa = XCBuildConfiguration;
			buildSettings = {
				ASSETCATALOG_COMPILER_APPICON_NAME = AppIcon;
				ASSETCATALOG_COMPILER_GLOBAL_ACCENT_COLOR_NAME = AccentColor;
				CODE_SIGN_STYLE = Automatic;
				CURRENT_PROJECT_VERSION = 1;
				DEVELOPMENT_ASSET_PATHS = "";
				ENABLE_PREVIEWS = YES;
				GENERATE_INFOPLIST_FILE = NO;
				INFOPLIST_FILE = RTSPCamera/Info.plist;
				LD_RUNPATH_SEARCH_PATHS = (
					"$(inherited)",
					"@executable_path/Frameworks",
				);
				MARKETING_VERSION = 1.0;
				PRODUCT_BUNDLE_IDENTIFIER = com.gld.rtspCamera;
				PRODUCT_NAME = "$(TARGET_NAME)";
				SUPPORTED_PLATFORMS = "iphoneos iphonesimulator";
				SUPPORTS_MACCATALYST = NO;
				SWIFT_EMIT_LOC_STRINGS = YES;
				SWIFT_VERSION = 5.0;
				TARGETED_DEVICE_FAMILY = "1,2";
			};
			name = Release;
		};
/* End XCBuildConfiguration section */

/* Begin XCConfigurationList section */
		2B11110828E95F6C000B26E1 /* Build configuration list for PBXProject "RTSPCamera" */ = {
			isa = XCConfigurationList;
			buildConfigurations = (
				2B11110A28E95F6C000B26E1 /* Debug */,
				2B11110B28E95F6C000B26E1 /* Release */,
			);
			defaultConfigurationIsVisible = 0;
			defaultConfigurationName = Release;
		};
		2B11110928E95F6C000B26E1 /* Build configuration list for PBXNativeTarget "RTSPCamera" */ = {
			isa = XCConfigurationList;
			buildConfigurations = (
				2B11110C28E95F6C000B26E1 /* Debug */,
				2B11110D28E95F6C000B26E1 /* Release */,
			);
			defaultConfigurationIsVisible = 0;
			defaultConfigurationName = Release;
		};
/* End XCConfigurationList section */
	};
	rootObject = 2B11110E28E95F6C000B26E1 /* Project object */;
}
